
Microsoft Visual Studio Solution File, Format Version 12.00
# Visual Studio Version 16
VisualStudioVersion = 16.0.29102.190
MinimumVisualStudioVersion = 10.0.40219.1
Project("{FAE04EC0-301F-11D3-BF4B-00C04F79EFBC}") = "SimpleCalculator", "SimpleCalculator\SimpleCalculator.csproj", "{C76764F3-2774-4866-8022-F5023AB9AD89}"
EndProject
Global
	GlobalSection(SolutionConfigurationPlatforms) = preSolution
		Debug|Any CPU = Debug|Any CPU
		Release|Any CPU = Release|Any CPU
	EndGlobalSection
	GlobalSection(ProjectConfigurationPlatforms) = postSolution
		{C76764F3-2774-4866-8022-F5023AB9AD89}.Debug|Any CPU.ActiveCfg = Debug|Any CPU
		{C76764F3-2774-4866-8022-F5023AB9AD89}.Debug|Any CPU.Build.0 = Debug|Any CPU
		{C76764F3-2774-4866-8022-F5023AB9AD89}.Release|Any CPU.ActiveCfg = Release|Any CPU
		{C76764F3-2774-4866-8022-F5023AB9AD89}.Release|Any CPU.Build.0 = Release|Any CPU
	EndGlobalSection
	GlobalSection(SolutionProperties) = preSolution
		HideSolutionNode = FALSE
	EndGlobalSection
	GlobalSection(ExtensibilityGlobals) = postSolution
		SolutionGuid = {4D9559C3-2D70-480D-BE1B-086AC4B0EB65}
	EndGlobalSection
EndGlobal
